<Solution>
  <Folder Name="/src/" />
  <Folder Name="/src/Api/">
    <Project Path="src/Api/Cortexa.JobOrchestrator.Api.csproj" />
  </Folder>
  <Folder Name="/src/Application/">
    <Project Path="src/Application/Cortexa.JobOrchestrator.Application.csproj" />
  </Folder>
  <Folder Name="/src/Domain/">
    <Project Path="src/Domain/Cortexa.JobOrchestrator.Domain.csproj" />
  </Folder>
  <Folder Name="/src/Infrastructure/">
    <Project Path="src/Infrastructure/Cortexa.JobOrchestrator.Infrastructure.csproj" />
  </Folder>
  <Folder Name="/tests/">
    <Project Path="tests/Cortexa.JobOrchestrator.Application.Tests/Cortexa.JobOrchestrator.Application.Tests.csproj" />
    <Project Path="tests/Cortexa.JobOrchestrator.Infrastructure.Tests/Cortexa.JobOrchestrator.Infrastructure.Tests.csproj" />
  </Folder>
</Solution>
